
Microsoft Visual Studio Solution File, Format Version 12.00
# Visual Studio Version 17
VisualStudioVersion = 17.9.34902.65
MinimumVisualStudioVersion = 10.0.40219.1
Project("{9A19103F-16F7-4668-BE54-9A1E7A4F7556}") = "JomedAPI", "JomedAPI.csproj", "{E94C7D55-5A1E-4722-BAE0-D1A2241B7A69}"
EndProject
Project("{9A19103F-16F7-4668-BE54-9A1E7A4F7556}") = "JomedAPITests", "..\JomedAPITests\JomedAPITests.csproj", "{EBE48634-2940-4A1F-9A81-FA0160EFC9E3}"
EndProject
Project("{2150E333-8FDC-42A3-9474-1A3956D46DE8}") = "Itens de Solução", "Itens de Solução", "{74650E4B-7AD8-4487-8508-122A1BBB087E}"
	ProjectSection(SolutionItems) = preProject
		..\.gitignore = ..\.gitignore
		..\README.md = ..\README.md
	EndProjectSection
EndProject
Global
	GlobalSection(SolutionConfigurationPlatforms) = preSolution
		Debug|Any CPU = Debug|Any CPU
		Release|Any CPU = Release|Any CPU
	EndGlobalSection
	GlobalSection(ProjectConfigurationPlatforms) = postSolution
		{E94C7D55-5A1E-4722-BAE0-D1A2241B7A69}.Debug|Any CPU.ActiveCfg = Debug|Any CPU
		{E94C7D55-5A1E-4722-BAE0-D1A2241B7A69}.Debug|Any CPU.Build.0 = Debug|Any CPU
		{E94C7D55-5A1E-4722-BAE0-D1A2241B7A69}.Release|Any CPU.ActiveCfg = Release|Any CPU
		{E94C7D55-5A1E-4722-BAE0-D1A2241B7A69}.Release|Any CPU.Build.0 = Release|Any CPU
		{EBE48634-2940-4A1F-9A81-FA0160EFC9E3}.Debug|Any CPU.ActiveCfg = Debug|Any CPU
		{EBE48634-2940-4A1F-9A81-FA0160EFC9E3}.Debug|Any CPU.Build.0 = Debug|Any CPU
		{EBE48634-2940-4A1F-9A81-FA0160EFC9E3}.Release|Any CPU.ActiveCfg = Release|Any CPU
		{EBE48634-2940-4A1F-9A81-FA0160EFC9E3}.Release|Any CPU.Build.0 = Release|Any CPU
	EndGlobalSection
	GlobalSection(SolutionProperties) = preSolution
		HideSolutionNode = FALSE
	EndGlobalSection
	GlobalSection(ExtensibilityGlobals) = postSolution
		SolutionGuid = {671501E6-98F1-4A2E-97B2-1D5A88E0AFDE}
	EndGlobalSection
EndGlobal
